{
    "_readme": [
        "This file locks the dependencies of your project to a known state",
        "Read more about it at https://getcomposer.org/doc/01-basic-usage.md#installing-dependencies",
        "This file is @generated automatically"
    ],
    "content-hash": "fafbb15c7e8fec507c8ed0417978aa0b",
    "packages": [
        {
            "name": "nxp/math-executor",
            "version": "v2.3.2",
            "source": {
                "type": "git",
                "url": "https://github.com/neonxp/MathExecutor.git",
                "reference": "c59f4cd15317754d2b50bd4bff2243012e815790"
            },
            "dist": {
                "type": "zip",
                "url": "https://api.github.com/repos/neonxp/MathExecutor/zipball/c59f4cd15317754d2b50bd4bff2243012e815790",
                "reference": "c59f4cd15317754d2b50bd4bff2243012e815790",
                "shasum": ""
            },
            "require": {
                "php": ">=7.4"
            },
            "require-dev": {
                "friendsofphp/php-cs-fixer": "^3.8",
                "phpunit/phpunit": ">=9.0"
            },
            "type": "library",
            "autoload": {
                "psr-4": {
                    "NXP\\": "src/NXP"
                }
            },
            "notification-url": "https://packagist.org/downloads/",
            "license": [
                "MIT"
            ],
            "authors": [
                {
                    "name": "Alexander 'NeonXP' Kiryukhin",
                    "email": "a.kiryukhin@mail.ru"
                },
                {
                    "name": "Bruce Wells",
                    "email": "brucekwells@gmail.com"
                }
            ],
            "description": "Simple math expressions calculator",
            "homepage": "http://github.com/NeonXP/MathExecutor",
            "keywords": [
                "calculator",
                "expression",
                "formula",
                "math",
                "mathmatics",
                "parser"
            ],
            "support": {
                "issues": "https://github.com/neonxp/MathExecutor/issues",
                "source": "https://github.com/neonxp/MathExecutor/tree/v2.3.2"
            },
            "time": "2022-12-08T16:15:34+00:00"
        }
    ],
    "packages-dev": [],
    "aliases": [],
    "minimum-stability": "dev",
    "stability-flags": {},
    "prefer-stable": true,
    "prefer-lowest": false,
    "platform": {
        "php": ">=7.4.0"
    },
    "platform-dev": {
        "php": "^7 || ^8"
    },
    "plugin-api-version": "2.6.0"
}
